// !$*UTF8*$!
{
	archiveVersion = 1;
	classes = {
	};
	objectVersion = 55;
	objects = {

/* Begin PBXBuildFile section */
		237EF04528398ABD000D6F42 /* PaletteView.swift in Sources */ = {isa = PBXBuildFile; fileRef = 237EF04428398ABD000D6F42 /* PaletteView.swift */; };
		237EF04628398ABD000D6F42 /* PaletteView.swift in Sources */ = {isa = PBXBuildFile; fileRef = 237EF04428398ABD000D6F42 /* PaletteView.swift */; };
		237EF04E28399BD9000D6F42 /* SwiftUIFlowLayout in Frameworks */ = {isa = PBXBuildFile; productRef = 237EF04D28399BD9000D6F42 /* SwiftUIFlowLayout */; };
		237EF05028399BE1000D6F42 /* SwiftUIFlowLayout in Frameworks */ = {isa = PBXBuildFile; productRef = 237EF04F28399BE1000D6F42 /* SwiftUIFlowLayout */; };
		237EF0872839B324000D6F42 /* UTType+extensions.swift in Sources */ = {isa = PBXBuildFile; fileRef = 23A03E0D28332AEB003846A4 /* UTType+extensions.swift */; };
		23855A1C2837207C00D39A49 /* ASEPalette in Frameworks */ = {isa = PBXBuildFile; productRef = 23855A1B2837207C00D39A49 /* ASEPalette */; };
		23855A1E2837208A00D39A49 /* ASEPalette in Frameworks */ = {isa = PBXBuildFile; productRef = 23855A1D2837208A00D39A49 /* ASEPalette */; };
		23A03DF828332AA2003846A4 /* Quartz.framework in Frameworks */ = {isa = PBXBuildFile; fileRef = 23A03DF728332AA2003846A4 /* Quartz.framework */; };
		23A03DFB28332AA2003846A4 /* PreviewViewController.swift in Sources */ = {isa = PBXBuildFile; fileRef = 23A03DFA28332AA2003846A4 /* PreviewViewController.swift */; };
		23A03DFD28332AA2003846A4 /* ASEPreviewProvider.swift in Sources */ = {isa = PBXBuildFile; fileRef = 23A03DFC28332AA2003846A4 /* ASEPreviewProvider.swift */; };
		23A03E0028332AA2003846A4 /* PreviewViewController.xib in Resources */ = {isa = PBXBuildFile; fileRef = 23A03DFE28332AA2003846A4 /* PreviewViewController.xib */; };
		23A03E0E28332AEB003846A4 /* UTType+extensions.swift in Sources */ = {isa = PBXBuildFile; fileRef = 23A03E0D28332AEB003846A4 /* UTType+extensions.swift */; };
		23B20C122835D551005BD670 /* AppDelegate.swift in Sources */ = {isa = PBXBuildFile; fileRef = 23B20C112835D551005BD670 /* AppDelegate.swift */; };
		23B20C142835D551005BD670 /* ViewController.swift in Sources */ = {isa = PBXBuildFile; fileRef = 23B20C132835D551005BD670 /* ViewController.swift */; };
		23B20C162835D551005BD670 /* Document.swift in Sources */ = {isa = PBXBuildFile; fileRef = 23B20C152835D551005BD670 /* Document.swift */; };
		23B20C182835D552005BD670 /* Assets.xcassets in Resources */ = {isa = PBXBuildFile; fileRef = 23B20C172835D552005BD670 /* Assets.xcassets */; };
		23B20C1B2835D552005BD670 /* Main.storyboard in Resources */ = {isa = PBXBuildFile; fileRef = 23B20C192835D552005BD670 /* Main.storyboard */; };
		23B20C212835D613005BD670 /* ASEQuickLookPlugin.appex in Embed App Extensions */ = {isa = PBXBuildFile; fileRef = 23A03DF528332AA2003846A4 /* ASEQuickLookPlugin.appex */; settings = {ATTRIBUTES = (RemoveHeadersOnCopy, ); }; };
/* End PBXBuildFile section */

/* Begin PBXContainerItemProxy section */
		23B20C222835D613005BD670 /* PBXContainerItemProxy */ = {
			isa = PBXContainerItemProxy;
			containerPortal = 23A03DD728332A83003846A4 /* Project object */;
			proxyType = 1;
			remoteGlobalIDString = 23A03DF428332AA2003846A4;
			remoteInfo = ASEQuickLookPlugin;
		};
/* End PBXContainerItemProxy section */

/* Begin PBXCopyFilesBuildPhase section */
		23B20C242835D613005BD670 /* Embed App Extensions */ = {
			isa = PBXCopyFilesBuildPhase;
			buildActionMask = 2147483647;
			dstPath = "";
			dstSubfolderSpec = 13;
			files = (
				23B20C212835D613005BD670 /* ASEQuickLookPlugin.appex in Embed App Extensions */,
			);
			name = "Embed App Extensions";
			runOnlyForDeploymentPostprocessing = 0;
		};
		23B20C352835D6A2005BD670 /* Embed Frameworks */ = {
			isa = PBXCopyFilesBuildPhase;
			buildActionMask = 2147483647;
			dstPath = "";
			dstSubfolderSpec = 10;
			files = (
			);
			name = "Embed Frameworks";
			runOnlyForDeploymentPostprocessing = 0;
		};
		23B20C3A2835D6B6005BD670 /* Embed Frameworks */ = {
			isa = PBXCopyFilesBuildPhase;
			buildActionMask = 2147483647;
			dstPath = "";
			dstSubfolderSpec = 10;
			files = (
			);
			name = "Embed Frameworks";
			runOnlyForDeploymentPostprocessing = 0;
		};
/* End PBXCopyFilesBuildPhase section */

/* Begin PBXFileReference section */
		237EF04428398ABD000D6F42 /* PaletteView.swift */ = {isa = PBXFileReference; lastKnownFileType = sourcecode.swift; path = PaletteView.swift; sourceTree = "<group>"; };
		237EF08B2839BCA5000D6F42 /* Palette_Viewer.entitlements */ = {isa = PBXFileReference; fileEncoding = 4; lastKnownFileType = text.plist.entitlements; path = Palette_Viewer.entitlements; sourceTree = "<group>"; };
		23A03DF528332AA2003846A4 /* ASEQuickLookPlugin.appex */ = {isa = PBXFileReference; explicitFileType = "wrapper.app-extension"; includeInIndex = 0; path = ASEQuickLookPlugin.appex; sourceTree = BUILT_PRODUCTS_DIR; };
		23A03DF728332AA2003846A4 /* Quartz.framework */ = {isa = PBXFileReference; lastKnownFileType = wrapper.framework; name = Quartz.framework; path = System/Library/Frameworks/Quartz.framework; sourceTree = SDKROOT; };
		23A03DFA28332AA2003846A4 /* PreviewViewController.swift */ = {isa = PBXFileReference; lastKnownFileType = sourcecode.swift; path = PreviewViewController.swift; sourceTree = "<group>"; };
		23A03DFC28332AA2003846A4 /* ASEPreviewProvider.swift */ = {isa = PBXFileReference; lastKnownFileType = sourcecode.swift; path = ASEPreviewProvider.swift; sourceTree = "<group>"; };
		23A03DFF28332AA2003846A4 /* Base */ = {isa = PBXFileReference; lastKnownFileType = file.xib; name = Base; path = Base.lproj/PreviewViewController.xib; sourceTree = "<group>"; };
		23A03E0128332AA2003846A4 /* Info.plist */ = {isa = PBXFileReference; lastKnownFileType = text.plist.xml; path = Info.plist; sourceTree = "<group>"; };
		23A03E0228332AA2003846A4 /* ASEQuickLookPlugin.entitlements */ = {isa = PBXFileReference; lastKnownFileType = text.plist.entitlements; path = ASEQuickLookPlugin.entitlements; sourceTree = "<group>"; };
		23A03E0A28332AB6003846A4 /* ASEPalette */ = {isa = PBXFileReference; lastKnownFileType = wrapper; name = ASEPalette; path = ../..; sourceTree = "<group>"; };
		23A03E0D28332AEB003846A4 /* UTType+extensions.swift */ = {isa = PBXFileReference; fileEncoding = 4; lastKnownFileType = sourcecode.swift; path = "UTType+extensions.swift"; sourceTree = "<group>"; };
		23B20C0F2835D551005BD670 /* Palette Viewer.app */ = {isa = PBXFileReference; explicitFileType = wrapper.application; includeInIndex = 0; path = "Palette Viewer.app"; sourceTree = BUILT_PRODUCTS_DIR; };
		23B20C112835D551005BD670 /* AppDelegate.swift */ = {isa = PBXFileReference; lastKnownFileType = sourcecode.swift; path = AppDelegate.swift; sourceTree = "<group>"; };
		23B20C132835D551005BD670 /* ViewController.swift */ = {isa = PBXFileReference; lastKnownFileType = sourcecode.swift; path = ViewController.swift; sourceTree = "<group>"; };
		23B20C152835D551005BD670 /* Document.swift */ = {isa = PBXFileReference; lastKnownFileType = sourcecode.swift; path = Document.swift; sourceTree = "<group>"; };
		23B20C172835D552005BD670 /* Assets.xcassets */ = {isa = PBXFileReference; lastKnownFileType = folder.assetcatalog; path = Assets.xcassets; sourceTree = "<group>"; };
		23B20C1A2835D552005BD670 /* Base */ = {isa = PBXFileReference; lastKnownFileType = file.storyboard; name = Base; path = Base.lproj/Main.storyboard; sourceTree = "<group>"; };
		23B20C1C2835D552005BD670 /* Info.plist */ = {isa = PBXFileReference; lastKnownFileType = text.plist.xml; path = Info.plist; sourceTree = "<group>"; };
		23B20CCD2835E459005BD670 /* CoreGraphics.framework */ = {isa = PBXFileReference; lastKnownFileType = wrapper.framework; name = CoreGraphics.framework; path = System/Library/Frameworks/CoreGraphics.framework; sourceTree = SDKROOT; };
/* End PBXFileReference section */

/* Begin PBXFrameworksBuildPhase section */
		23A03DF228332AA2003846A4 /* Frameworks */ = {
			isa = PBXFrameworksBuildPhase;
			buildActionMask = 2147483647;
			files = (
				23855A1E2837208A00D39A49 /* ASEPalette in Frameworks */,
				23A03DF828332AA2003846A4 /* Quartz.framework in Frameworks */,
				237EF05028399BE1000D6F42 /* SwiftUIFlowLayout in Frameworks */,
			);
			runOnlyForDeploymentPostprocessing = 0;
		};
		23B20C0C2835D551005BD670 /* Frameworks */ = {
			isa = PBXFrameworksBuildPhase;
			buildActionMask = 2147483647;
			files = (
				237EF04E28399BD9000D6F42 /* SwiftUIFlowLayout in Frameworks */,
				23855A1C2837207C00D39A49 /* ASEPalette in Frameworks */,
			);
			runOnlyForDeploymentPostprocessing = 0;
		};
/* End PBXFrameworksBuildPhase section */

/* Begin PBXGroup section */
		23A03DD628332A83003846A4 = {
			isa = PBXGroup;
			children = (
				23A03E0A28332AB6003846A4 /* ASEPalette */,
				23A03DF928332AA2003846A4 /* ASEQuickLookPlugin */,
				23B20C102835D551005BD670 /* ASE Viewer */,
				23FF72832839CA0500448D16 /* Shared */,
				23A03DF628332AA2003846A4 /* Frameworks */,
				23A03DE028332A83003846A4 /* Products */,
			);
			sourceTree = "<group>";
		};
		23A03DE028332A83003846A4 /* Products */ = {
			isa = PBXGroup;
			children = (
				23A03DF528332AA2003846A4 /* ASEQuickLookPlugin.appex */,
				23B20C0F2835D551005BD670 /* Palette Viewer.app */,
			);
			name = Products;
			sourceTree = "<group>";
		};
		23A03DF628332AA2003846A4 /* Frameworks */ = {
			isa = PBXGroup;
			children = (
				23B20CCD2835E459005BD670 /* CoreGraphics.framework */,
				23A03DF728332AA2003846A4 /* Quartz.framework */,
			);
			name = Frameworks;
			sourceTree = "<group>";
		};
		23A03DF928332AA2003846A4 /* ASEQuickLookPlugin */ = {
			isa = PBXGroup;
			children = (
				23A03DFA28332AA2003846A4 /* PreviewViewController.swift */,
				23A03DFE28332AA2003846A4 /* PreviewViewController.xib */,
				23A03DFC28332AA2003846A4 /* ASEPreviewProvider.swift */,
				23A03E0128332AA2003846A4 /* Info.plist */,
				23A03E0228332AA2003846A4 /* ASEQuickLookPlugin.entitlements */,
			);
			path = ASEQuickLookPlugin;
			sourceTree = "<group>";
		};
		23B20C102835D551005BD670 /* ASE Viewer */ = {
			isa = PBXGroup;
			children = (
				237EF08B2839BCA5000D6F42 /* Palette_Viewer.entitlements */,
				23B20C112835D551005BD670 /* AppDelegate.swift */,
				23B20C132835D551005BD670 /* ViewController.swift */,
				23B20C152835D551005BD670 /* Document.swift */,
				23B20C172835D552005BD670 /* Assets.xcassets */,
				23B20C192835D552005BD670 /* Main.storyboard */,
				23B20C1C2835D552005BD670 /* Info.plist */,
			);
			path = "ASE Viewer";
			sourceTree = "<group>";
		};
		23FF72832839CA0500448D16 /* Shared */ = {
			isa = PBXGroup;
			children = (
				23A03E0D28332AEB003846A4 /* UTType+extensions.swift */,
				237EF04428398ABD000D6F42 /* PaletteView.swift */,
			);
			path = Shared;
			sourceTree = "<group>";
		};
/* End PBXGroup section */

/* Begin PBXNativeTarget section */
		23A03DF428332AA2003846A4 /* ASEQuickLookPlugin */ = {
			isa = PBXNativeTarget;
			buildConfigurationList = 23A03E0628332AA2003846A4 /* Build configuration list for PBXNativeTarget "ASEQuickLookPlugin" */;
			buildPhases = (
				23A03DF128332AA2003846A4 /* Sources */,
				23A03DF228332AA2003846A4 /* Frameworks */,
				23A03DF328332AA2003846A4 /* Resources */,
				23B20C3A2835D6B6005BD670 /* Embed Frameworks */,
			);
			buildRules = (
			);
			dependencies = (
			);
			name = ASEQuickLookPlugin;
			packageProductDependencies = (
				23855A1D2837208A00D39A49 /* ASEPalette */,
				237EF04F28399BE1000D6F42 /* SwiftUIFlowLayout */,
			);
			productName = ASEQuickLookPlugin;
			productReference = 23A03DF528332AA2003846A4 /* ASEQuickLookPlugin.appex */;
			productType = "com.apple.product-type.app-extension";
		};
		23B20C0E2835D551005BD670 /* Palette Viewer */ = {
			isa = PBXNativeTarget;
			buildConfigurationList = 23B20C1E2835D552005BD670 /* Build configuration list for PBXNativeTarget "Palette Viewer" */;
			buildPhases = (
				23B20C0B2835D551005BD670 /* Sources */,
				23B20C0C2835D551005BD670 /* Frameworks */,
				23B20C0D2835D551005BD670 /* Resources */,
				23B20C242835D613005BD670 /* Embed App Extensions */,
				23B20C352835D6A2005BD670 /* Embed Frameworks */,
			);
			buildRules = (
			);
			dependencies = (
				23B20C232835D613005BD670 /* PBXTargetDependency */,
			);
			name = "Palette Viewer";
			packageProductDependencies = (
				23855A1B2837207C00D39A49 /* ASEPalette */,
				237EF04D28399BD9000D6F42 /* SwiftUIFlowLayout */,
			);
			productName = "ASE Viewer";
			productReference = 23B20C0F2835D551005BD670 /* Palette Viewer.app */;
			productType = "com.apple.product-type.application";
		};
/* End PBXNativeTarget section */

/* Begin PBXProject section */
		23A03DD728332A83003846A4 /* Project object */ = {
			isa = PBXProject;
			attributes = {
				BuildIndependentTargetsInParallel = 1;
				LastSwiftUpdateCheck = 1330;
				LastUpgradeCheck = 1330;
				TargetAttributes = {
					23A03DF428332AA2003846A4 = {
						CreatedOnToolsVersion = 13.3.1;
					};
					23B20C0E2835D551005BD670 = {
						CreatedOnToolsVersion = 13.3.1;
					};
				};
			};
			buildConfigurationList = 23A03DDA28332A83003846A4 /* Build configuration list for PBXProject "ASE-Quicklook" */;
			compatibilityVersion = "Xcode 13.0";
			developmentRegion = en;
			hasScannedForEncodings = 0;
			knownRegions = (
				en,
				Base,
			);
			mainGroup = 23A03DD628332A83003846A4;
			packageReferences = (
				237EF04C28399BD9000D6F42 /* XCRemoteSwiftPackageReference "swiftui-flow-layout" */,
			);
			productRefGroup = 23A03DE028332A83003846A4 /* Products */;
			projectDirPath = "";
			projectRoot = "";
			targets = (
				23A03DF428332AA2003846A4 /* ASEQuickLookPlugin */,
				23B20C0E2835D551005BD670 /* Palette Viewer */,
			);
		};
/* End PBXProject section */

/* Begin PBXResourcesBuildPhase section */
		23A03DF328332AA2003846A4 /* Resources */ = {
			isa = PBXResourcesBuildPhase;
			buildActionMask = 2147483647;
			files = (
				23A03E0028332AA2003846A4 /* PreviewViewController.xib in Resources */,
			);
			runOnlyForDeploymentPostprocessing = 0;
		};
		23B20C0D2835D551005BD670 /* Resources */ = {
			isa = PBXResourcesBuildPhase;
			buildActionMask = 2147483647;
			files = (
				23B20C182835D552005BD670 /* Assets.xcassets in Resources */,
				23B20C1B2835D552005BD670 /* Main.storyboard in Resources */,
			);
			runOnlyForDeploymentPostprocessing = 0;
		};
/* End PBXResourcesBuildPhase section */

/* Begin PBXSourcesBuildPhase section */
		23A03DF128332AA2003846A4 /* Sources */ = {
			isa = PBXSourcesBuildPhase;
			buildActionMask = 2147483647;
			files = (
				23A03E0E28332AEB003846A4 /* UTType+extensions.swift in Sources */,
				237EF04528398ABD000D6F42 /* PaletteView.swift in Sources */,
				23A03DFB28332AA2003846A4 /* PreviewViewController.swift in Sources */,
				23A03DFD28332AA2003846A4 /* ASEPreviewProvider.swift in Sources */,
			);
			runOnlyForDeploymentPostprocessing = 0;
		};
		23B20C0B2835D551005BD670 /* Sources */ = {
			isa = PBXSourcesBuildPhase;
			buildActionMask = 2147483647;
			files = (
				237EF0872839B324000D6F42 /* UTType+extensions.swift in Sources */,
				23B20C142835D551005BD670 /* ViewController.swift in Sources */,
				23B20C122835D551005BD670 /* AppDelegate.swift in Sources */,
				23B20C162835D551005BD670 /* Document.swift in Sources */,
				237EF04628398ABD000D6F42 /* PaletteView.swift in Sources */,
			);
			runOnlyForDeploymentPostprocessing = 0;
		};
/* End PBXSourcesBuildPhase section */

/* Begin PBXTargetDependency section */
		23B20C232835D613005BD670 /* PBXTargetDependency */ = {
			isa = PBXTargetDependency;
			target = 23A03DF428332AA2003846A4 /* ASEQuickLookPlugin */;
			targetProxy = 23B20C222835D613005BD670 /* PBXContainerItemProxy */;
		};
/* End PBXTargetDependency section */

/* Begin PBXVariantGroup section */
		23A03DFE28332AA2003846A4 /* PreviewViewController.xib */ = {
			isa = PBXVariantGroup;
			children = (
				23A03DFF28332AA2003846A4 /* Base */,
			);
			name = PreviewViewController.xib;
			sourceTree = "<group>";
		};
		23B20C192835D552005BD670 /* Main.storyboard */ = {
			isa = PBXVariantGroup;
			children = (
				23B20C1A2835D552005BD670 /* Base */,
			);
			name = Main.storyboard;
			sourceTree = "<group>";
		};
/* End PBXVariantGroup section */

/* Begin XCBuildConfiguration section */
		23A03DEC28332A85003846A4 /* Debug */ = {
			isa = XCBuildConfiguration;
			buildSettings = {
				ALWAYS_SEARCH_USER_PATHS = NO;
				CLANG_ANALYZER_NONNULL = YES;
				CLANG_ANALYZER_NUMBER_OBJECT_CONVERSION = YES_AGGRESSIVE;
				CLANG_CXX_LANGUAGE_STANDARD = "gnu++17";
				CLANG_ENABLE_MODULES = YES;
				CLANG_ENABLE_OBJC_ARC = YES;
				CLANG_ENABLE_OBJC_WEAK = YES;
				CLANG_WARN_BLOCK_CAPTURE_AUTORELEASING = YES;
				CLANG_WARN_BOOL_CONVERSION = YES;
				CLANG_WARN_COMMA = YES;
				CLANG_WARN_CONSTANT_CONVERSION = YES;
				CLANG_WARN_DEPRECATED_OBJC_IMPLEMENTATIONS = YES;
				CLANG_WARN_DIRECT_OBJC_ISA_USAGE = YES_ERROR;
				CLANG_WARN_DOCUMENTATION_COMMENTS = YES;
				CLANG_WARN_EMPTY_BODY = YES;
				CLANG_WARN_ENUM_CONVERSION = YES;
				CLANG_WARN_INFINITE_RECURSION = YES;
				CLANG_WARN_INT_CONVERSION = YES;
				CLANG_WARN_NON_LITERAL_NULL_CONVERSION = YES;
				CLANG_WARN_OBJC_IMPLICIT_RETAIN_SELF = YES;
				CLANG_WARN_OBJC_LITERAL_CONVERSION = YES;
				CLANG_WARN_OBJC_ROOT_CLASS = YES_ERROR;
				CLANG_WARN_QUOTED_INCLUDE_IN_FRAMEWORK_HEADER = YES;
				CLANG_WARN_RANGE_LOOP_ANALYSIS = YES;
				CLANG_WARN_STRICT_PROTOTYPES = YES;
				CLANG_WARN_SUSPICIOUS_MOVE = YES;
				CLANG_WARN_UNGUARDED_AVAILABILITY = YES_AGGRESSIVE;
				CLANG_WARN_UNREACHABLE_CODE = YES;
				CLANG_WARN__DUPLICATE_METHOD_MATCH = YES;
				COPY_PHASE_STRIP = NO;
				DEBUG_INFORMATION_FORMAT = dwarf;
				ENABLE_STRICT_OBJC_MSGSEND = YES;
				ENABLE_TESTABILITY = YES;
				GCC_C_LANGUAGE_STANDARD = gnu11;
				GCC_DYNAMIC_NO_PIC = NO;
				GCC_NO_COMMON_BLOCKS = YES;
				GCC_OPTIMIZATION_LEVEL = 0;
				GCC_PREPROCESSOR_DEFINITIONS = (
					"DEBUG=1",
					"$(inherited)",
				);
				GCC_WARN_64_TO_32_BIT_CONVERSION = YES;
				GCC_WARN_ABOUT_RETURN_TYPE = YES_ERROR;
				GCC_WARN_UNDECLARED_SELECTOR = YES;
				GCC_WARN_UNINITIALIZED_AUTOS = YES_AGGRESSIVE;
				GCC_WARN_UNUSED_FUNCTION = YES;
				GCC_WARN_UNUSED_VARIABLE = YES;
				MACOSX_DEPLOYMENT_TARGET = 12.3;
				MTL_ENABLE_DEBUG_INFO = INCLUDE_SOURCE;
				MTL_FAST_MATH = YES;
				ONLY_ACTIVE_ARCH = YES;
				SDKROOT = macosx;
				SWIFT_ACTIVE_COMPILATION_CONDITIONS = DEBUG;
				SWIFT_OPTIMIZATION_LEVEL = "-Onone";
			};
			name = Debug;
		};
		23A03DED28332A85003846A4 /* Release */ = {
			isa = XCBuildConfiguration;
			buildSettings = {
				ALWAYS_SEARCH_USER_PATHS = NO;
				CLANG_ANALYZER_NONNULL = YES;
				CLANG_ANALYZER_NUMBER_OBJECT_CONVERSION = YES_AGGRESSIVE;
				CLANG_CXX_LANGUAGE_STANDARD = "gnu++17";
				CLANG_ENABLE_MODULES = YES;
				CLANG_ENABLE_OBJC_ARC = YES;
				CLANG_ENABLE_OBJC_WEAK = YES;
				CLANG_WARN_BLOCK_CAPTURE_AUTORELEASING = YES;
				CLANG_WARN_BOOL_CONVERSION = YES;
				CLANG_WARN_COMMA = YES;
				CLANG_WARN_CONSTANT_CONVERSION = YES;
				CLANG_WARN_DEPRECATED_OBJC_IMPLEMENTATIONS = YES;
				CLANG_WARN_DIRECT_OBJC_ISA_USAGE = YES_ERROR;
				CLANG_WARN_DOCUMENTATION_COMMENTS = YES;
				CLANG_WARN_EMPTY_BODY = YES;
				CLANG_WARN_ENUM_CONVERSION = YES;
				CLANG_WARN_INFINITE_RECURSION = YES;
				CLANG_WARN_INT_CONVERSION = YES;
				CLANG_WARN_NON_LITERAL_NULL_CONVERSION = YES;
				CLANG_WARN_OBJC_IMPLICIT_RETAIN_SELF = YES;
				CLANG_WARN_OBJC_LITERAL_CONVERSION = YES;
				CLANG_WARN_OBJC_ROOT_CLASS = YES_ERROR;
				CLANG_WARN_QUOTED_INCLUDE_IN_FRAMEWORK_HEADER = YES;
				CLANG_WARN_RANGE_LOOP_ANALYSIS = YES;
				CLANG_WARN_STRICT_PROTOTYPES = YES;
				CLANG_WARN_SUSPICIOUS_MOVE = YES;
				CLANG_WARN_UNGUARDED_AVAILABILITY = YES_AGGRESSIVE;
				CLANG_WARN_UNREACHABLE_CODE = YES;
				CLANG_WARN__DUPLICATE_METHOD_MATCH = YES;
				COPY_PHASE_STRIP = NO;
				DEBUG_INFORMATION_FORMAT = "dwarf-with-dsym";
				ENABLE_NS_ASSERTIONS = NO;
				ENABLE_STRICT_OBJC_MSGSEND = YES;
				GCC_C_LANGUAGE_STANDARD = gnu11;
				GCC_NO_COMMON_BLOCKS = YES;
				GCC_WARN_64_TO_32_BIT_CONVERSION = YES;
				GCC_WARN_ABOUT_RETURN_TYPE = YES_ERROR;
				GCC_WARN_UNDECLARED_SELECTOR = YES;
				GCC_WARN_UNINITIALIZED_AUTOS = YES_AGGRESSIVE;
				GCC_WARN_UNUSED_FUNCTION = YES;
				GCC_WARN_UNUSED_VARIABLE = YES;
				MACOSX_DEPLOYMENT_TARGET = 12.3;
				MTL_ENABLE_DEBUG_INFO = NO;
				MTL_FAST_MATH = YES;
				SDKROOT = macosx;
				SWIFT_COMPILATION_MODE = wholemodule;
				SWIFT_OPTIMIZATION_LEVEL = "-O";
			};
			name = Release;
		};
		23A03E0728332AA2003846A4 /* Debug */ = {
			isa = XCBuildConfiguration;
			buildSettings = {
				CODE_SIGN_ENTITLEMENTS = ASEQuickLookPlugin/ASEQuickLookPlugin.entitlements;
				CODE_SIGN_STYLE = Automatic;
				CURRENT_PROJECT_VERSION = 1;
				DEVELOPMENT_TEAM = 3L6RK3LGGW;
				ENABLE_HARDENED_RUNTIME = YES;
				GENERATE_INFOPLIST_FILE = YES;
				INFOPLIST_FILE = ASEQuickLookPlugin/Info.plist;
				INFOPLIST_KEY_CFBundleDisplayName = ASEQuickLookPlugin;
				INFOPLIST_KEY_NSHumanReadableCopyright = "";
				LD_RUNPATH_SEARCH_PATHS = (
					"$(inherited)",
					"@executable_path/../Frameworks",
					"@executable_path/../../../../Frameworks",
				);
				MACOSX_DEPLOYMENT_TARGET = 12.0;
				MARKETING_VERSION = 1.0;
				PRODUCT_BUNDLE_IDENTIFIER = "org.dagronf.asepalette.ASE-Viewer.ASEQuickLookPlugin";
				PRODUCT_NAME = "$(TARGET_NAME)";
				SKIP_INSTALL = YES;
				SWIFT_EMIT_LOC_STRINGS = YES;
				SWIFT_VERSION = 5.0;
			};
			name = Debug;
		};
		23A03E0828332AA2003846A4 /* Release */ = {
			isa = XCBuildConfiguration;
			buildSettings = {
				CODE_SIGN_ENTITLEMENTS = ASEQuickLookPlugin/ASEQuickLookPlugin.entitlements;
				CODE_SIGN_STYLE = Automatic;
				CURRENT_PROJECT_VERSION = 1;
				DEVELOPMENT_TEAM = 3L6RK3LGGW;
				ENABLE_HARDENED_RUNTIME = YES;
				GENERATE_INFOPLIST_FILE = YES;
				INFOPLIST_FILE = ASEQuickLookPlugin/Info.plist;
				INFOPLIST_KEY_CFBundleDisplayName = ASEQuickLookPlugin;
				INFOPLIST_KEY_NSHumanReadableCopyright = "";
				LD_RUNPATH_SEARCH_PATHS = (
					"$(inherited)",
					"@executable_path/../Frameworks",
					"@executable_path/../../../../Frameworks",
				);
				MACOSX_DEPLOYMENT_TARGET = 12.0;
				MARKETING_VERSION = 1.0;
				PRODUCT_BUNDLE_IDENTIFIER = "org.dagronf.asepalette.ASE-Viewer.ASEQuickLookPlugin";
				PRODUCT_NAME = "$(TARGET_NAME)";
				SKIP_INSTALL = YES;
				SWIFT_EMIT_LOC_STRINGS = YES;
				SWIFT_VERSION = 5.0;
			};
			name = Release;
		};
		23B20C1F2835D552005BD670 /* Debug */ = {
			isa = XCBuildConfiguration;
			buildSettings = {
				ALWAYS_EMBED_SWIFT_STANDARD_LIBRARIES = YES;
				ASSETCATALOG_COMPILER_APPICON_NAME = AppIcon;
				ASSETCATALOG_COMPILER_GLOBAL_ACCENT_COLOR_NAME = AccentColor;
				CODE_SIGN_ENTITLEMENTS = "ASE Viewer/Palette_Viewer.entitlements";
				CODE_SIGN_STYLE = Automatic;
				COMBINE_HIDPI_IMAGES = YES;
				CURRENT_PROJECT_VERSION = 1;
				DEVELOPMENT_TEAM = 3L6RK3LGGW;
				ENABLE_HARDENED_RUNTIME = YES;
				GENERATE_INFOPLIST_FILE = YES;
				INFOPLIST_FILE = "ASE Viewer/Info.plist";
				INFOPLIST_KEY_NSHumanReadableCopyright = "";
				INFOPLIST_KEY_NSMainStoryboardFile = Main;
				INFOPLIST_KEY_NSPrincipalClass = NSApplication;
				LD_RUNPATH_SEARCH_PATHS = (
					"$(inherited)",
					"@executable_path/../Frameworks",
				);
				MACOSX_DEPLOYMENT_TARGET = 12.0;
				MARKETING_VERSION = 1.0;
				PRODUCT_BUNDLE_IDENTIFIER = "org.dagronf.asepalette.ASE-Viewer";
				PRODUCT_NAME = "$(TARGET_NAME)";
				SWIFT_EMIT_LOC_STRINGS = YES;
				SWIFT_VERSION = 5.0;
			};
			name = Debug;
		};
		23B20C202835D552005BD670 /* Release */ = {
			isa = XCBuildConfiguration;
			buildSettings = {
				ALWAYS_EMBED_SWIFT_STANDARD_LIBRARIES = YES;
				ASSETCATALOG_COMPILER_APPICON_NAME = AppIcon;
				ASSETCATALOG_COMPILER_GLOBAL_ACCENT_COLOR_NAME = AccentColor;
				CODE_SIGN_ENTITLEMENTS = "ASE Viewer/Palette_Viewer.entitlements";
				CODE_SIGN_STYLE = Automatic;
				COMBINE_HIDPI_IMAGES = YES;
				CURRENT_PROJECT_VERSION = 1;
				DEVELOPMENT_TEAM = 3L6RK3LGGW;
				ENABLE_HARDENED_RUNTIME = YES;
				GENERATE_INFOPLIST_FILE = YES;
				INFOPLIST_FILE = "ASE Viewer/Info.plist";
				INFOPLIST_KEY_NSHumanReadableCopyright = "";
				INFOPLIST_KEY_NSMainStoryboardFile = Main;
				INFOPLIST_KEY_NSPrincipalClass = NSApplication;
				LD_RUNPATH_SEARCH_PATHS = (
					"$(inherited)",
					"@executable_path/../Frameworks",
				);
				MACOSX_DEPLOYMENT_TARGET = 12.0;
				MARKETING_VERSION = 1.0;
				PRODUCT_BUNDLE_IDENTIFIER = "org.dagronf.asepalette.ASE-Viewer";
				PRODUCT_NAME = "$(TARGET_NAME)";
				SWIFT_EMIT_LOC_STRINGS = YES;
				SWIFT_VERSION = 5.0;
			};
			name = Release;
		};
/* End XCBuildConfiguration section */

/* Begin XCConfigurationList section */
		23A03DDA28332A83003846A4 /* Build configuration list for PBXProject "ASE-Quicklook" */ = {
			isa = XCConfigurationList;
			buildConfigurations = (
				23A03DEC28332A85003846A4 /* Debug */,
				23A03DED28332A85003846A4 /* Release */,
			);
			defaultConfigurationIsVisible = 0;
			defaultConfigurationName = Release;
		};
		23A03E0628332AA2003846A4 /* Build configuration list for PBXNativeTarget "ASEQuickLookPlugin" */ = {
			isa = XCConfigurationList;
			buildConfigurations = (
				23A03E0728332AA2003846A4 /* Debug */,
				23A03E0828332AA2003846A4 /* Release */,
			);
			defaultConfigurationIsVisible = 0;
			defaultConfigurationName = Release;
		};
		23B20C1E2835D552005BD670 /* Build configuration list for PBXNativeTarget "Palette Viewer" */ = {
			isa = XCConfigurationList;
			buildConfigurations = (
				23B20C1F2835D552005BD670 /* Debug */,
				23B20C202835D552005BD670 /* Release */,
			);
			defaultConfigurationIsVisible = 0;
			defaultConfigurationName = Release;
		};
/* End XCConfigurationList section */

/* Begin XCRemoteSwiftPackageReference section */
		237EF04C28399BD9000D6F42 /* XCRemoteSwiftPackageReference "swiftui-flow-layout" */ = {
			isa = XCRemoteSwiftPackageReference;
			repositoryURL = "https://github.com/globulus/swiftui-flow-layout";
			requirement = {
				kind = upToNextMajorVersion;
				minimumVersion = 1.0.0;
			};
		};
/* End XCRemoteSwiftPackageReference section */

/* Begin XCSwiftPackageProductDependency section */
		237EF04D28399BD9000D6F42 /* SwiftUIFlowLayout */ = {
			isa = XCSwiftPackageProductDependency;
			package = 237EF04C28399BD9000D6F42 /* XCRemoteSwiftPackageReference "swiftui-flow-layout" */;
			productName = SwiftUIFlowLayout;
		};
		237EF04F28399BE1000D6F42 /* SwiftUIFlowLayout */ = {
			isa = XCSwiftPackageProductDependency;
			package = 237EF04C28399BD9000D6F42 /* XCRemoteSwiftPackageReference "swiftui-flow-layout" */;
			productName = SwiftUIFlowLayout;
		};
		23855A1B2837207C00D39A49 /* ASEPalette */ = {
			isa = XCSwiftPackageProductDependency;
			productName = ASEPalette;
		};
		23855A1D2837208A00D39A49 /* ASEPalette */ = {
			isa = XCSwiftPackageProductDependency;
			productName = ASEPalette;
		};
/* End XCSwiftPackageProductDependency section */
	};
	rootObject = 23A03DD728332A83003846A4 /* Project object */;
}
