// !$*UTF8*$!
{
	archiveVersion = 1;
	classes = {
	};
	objectVersion = 55;
	objects = {

/* Begin PBXBuildFile section */
		23A03DE328332A83003846A4 /* AppDelegate.swift in Sources */ = {isa = PBXBuildFile; fileRef = 23A03DE228332A83003846A4 /* AppDelegate.swift */; };
		23A03DE528332A83003846A4 /* ViewController.swift in Sources */ = {isa = PBXBuildFile; fileRef = 23A03DE428332A83003846A4 /* ViewController.swift */; };
		23A03DE728332A85003846A4 /* Assets.xcassets in Resources */ = {isa = PBXBuildFile; fileRef = 23A03DE628332A85003846A4 /* Assets.xcassets */; };
		23A03DEA28332A85003846A4 /* Main.storyboard in Resources */ = {isa = PBXBuildFile; fileRef = 23A03DE828332A85003846A4 /* Main.storyboard */; };
		23A03DF828332AA2003846A4 /* Quartz.framework in Frameworks */ = {isa = PBXBuildFile; fileRef = 23A03DF728332AA2003846A4 /* Quartz.framework */; };
		23A03DFB28332AA2003846A4 /* PreviewViewController.swift in Sources */ = {isa = PBXBuildFile; fileRef = 23A03DFA28332AA2003846A4 /* PreviewViewController.swift */; };
		23A03DFD28332AA2003846A4 /* PreviewProvider.swift in Sources */ = {isa = PBXBuildFile; fileRef = 23A03DFC28332AA2003846A4 /* PreviewProvider.swift */; };
		23A03E0028332AA2003846A4 /* PreviewViewController.xib in Resources */ = {isa = PBXBuildFile; fileRef = 23A03DFE28332AA2003846A4 /* PreviewViewController.xib */; };
		23A03E0528332AA2003846A4 /* ASEQuickLookPlugin.appex in Embed App Extensions */ = {isa = PBXBuildFile; fileRef = 23A03DF528332AA2003846A4 /* ASEQuickLookPlugin.appex */; settings = {ATTRIBUTES = (RemoveHeadersOnCopy, ); }; };
		23A03E0C28332ABE003846A4 /* ASEPalette in Frameworks */ = {isa = PBXBuildFile; productRef = 23A03E0B28332ABE003846A4 /* ASEPalette */; };
		23A03E0E28332AEB003846A4 /* UTType+extensions.swift in Sources */ = {isa = PBXBuildFile; fileRef = 23A03E0D28332AEB003846A4 /* UTType+extensions.swift */; };
		23A03E1128332E39003846A4 /* CollectionView.swift in Sources */ = {isa = PBXBuildFile; fileRef = 23A03E1028332E39003846A4 /* CollectionView.swift */; };
		23A03E1428333013003846A4 /* ColorSwatchView.swift in Sources */ = {isa = PBXBuildFile; fileRef = 23A03E1228333013003846A4 /* ColorSwatchView.swift */; };
		23A03E1528333013003846A4 /* ColorSwatchView.xib in Resources */ = {isa = PBXBuildFile; fileRef = 23A03E1328333013003846A4 /* ColorSwatchView.xib */; };
		23A03E172833341A003846A4 /* CollectionViewLeftFlowLayout.swift in Sources */ = {isa = PBXBuildFile; fileRef = 23A03E162833341A003846A4 /* CollectionViewLeftFlowLayout.swift */; };
		23A03E1A28333585003846A4 /* ColorGroupHeaderView.swift in Sources */ = {isa = PBXBuildFile; fileRef = 23A03E1828333585003846A4 /* ColorGroupHeaderView.swift */; };
		23A03E1B28333585003846A4 /* ColorGroupHeaderView.xib in Resources */ = {isa = PBXBuildFile; fileRef = 23A03E1928333585003846A4 /* ColorGroupHeaderView.xib */; };
/* End PBXBuildFile section */

/* Begin PBXContainerItemProxy section */
		23A03E0328332AA2003846A4 /* PBXContainerItemProxy */ = {
			isa = PBXContainerItemProxy;
			containerPortal = 23A03DD728332A83003846A4 /* Project object */;
			proxyType = 1;
			remoteGlobalIDString = 23A03DF428332AA2003846A4;
			remoteInfo = ASEQuickLookPlugin;
		};
/* End PBXContainerItemProxy section */

/* Begin PBXCopyFilesBuildPhase section */
		23A03E0928332AA2003846A4 /* Embed App Extensions */ = {
			isa = PBXCopyFilesBuildPhase;
			buildActionMask = 2147483647;
			dstPath = "";
			dstSubfolderSpec = 13;
			files = (
				23A03E0528332AA2003846A4 /* ASEQuickLookPlugin.appex in Embed App Extensions */,
			);
			name = "Embed App Extensions";
			runOnlyForDeploymentPostprocessing = 0;
		};
/* End PBXCopyFilesBuildPhase section */

/* Begin PBXFileReference section */
		23A03DDF28332A83003846A4 /* ASE-Quicklook.app */ = {isa = PBXFileReference; explicitFileType = wrapper.application; includeInIndex = 0; path = "ASE-Quicklook.app"; sourceTree = BUILT_PRODUCTS_DIR; };
		23A03DE228332A83003846A4 /* AppDelegate.swift */ = {isa = PBXFileReference; lastKnownFileType = sourcecode.swift; path = AppDelegate.swift; sourceTree = "<group>"; };
		23A03DE428332A83003846A4 /* ViewController.swift */ = {isa = PBXFileReference; lastKnownFileType = sourcecode.swift; path = ViewController.swift; sourceTree = "<group>"; };
		23A03DE628332A85003846A4 /* Assets.xcassets */ = {isa = PBXFileReference; lastKnownFileType = folder.assetcatalog; path = Assets.xcassets; sourceTree = "<group>"; };
		23A03DE928332A85003846A4 /* Base */ = {isa = PBXFileReference; lastKnownFileType = file.storyboard; name = Base; path = Base.lproj/Main.storyboard; sourceTree = "<group>"; };
		23A03DEB28332A85003846A4 /* ASE_Quicklook.entitlements */ = {isa = PBXFileReference; lastKnownFileType = text.plist.entitlements; path = ASE_Quicklook.entitlements; sourceTree = "<group>"; };
		23A03DF528332AA2003846A4 /* ASEQuickLookPlugin.appex */ = {isa = PBXFileReference; explicitFileType = "wrapper.app-extension"; includeInIndex = 0; path = ASEQuickLookPlugin.appex; sourceTree = BUILT_PRODUCTS_DIR; };
		23A03DF728332AA2003846A4 /* Quartz.framework */ = {isa = PBXFileReference; lastKnownFileType = wrapper.framework; name = Quartz.framework; path = System/Library/Frameworks/Quartz.framework; sourceTree = SDKROOT; };
		23A03DFA28332AA2003846A4 /* PreviewViewController.swift */ = {isa = PBXFileReference; lastKnownFileType = sourcecode.swift; path = PreviewViewController.swift; sourceTree = "<group>"; };
		23A03DFC28332AA2003846A4 /* PreviewProvider.swift */ = {isa = PBXFileReference; lastKnownFileType = sourcecode.swift; path = PreviewProvider.swift; sourceTree = "<group>"; };
		23A03DFF28332AA2003846A4 /* Base */ = {isa = PBXFileReference; lastKnownFileType = file.xib; name = Base; path = Base.lproj/PreviewViewController.xib; sourceTree = "<group>"; };
		23A03E0128332AA2003846A4 /* Info.plist */ = {isa = PBXFileReference; lastKnownFileType = text.plist.xml; path = Info.plist; sourceTree = "<group>"; };
		23A03E0228332AA2003846A4 /* ASEQuickLookPlugin.entitlements */ = {isa = PBXFileReference; lastKnownFileType = text.plist.entitlements; path = ASEQuickLookPlugin.entitlements; sourceTree = "<group>"; };
		23A03E0A28332AB6003846A4 /* ASEPalette */ = {isa = PBXFileReference; lastKnownFileType = wrapper; name = ASEPalette; path = ../..; sourceTree = "<group>"; };
		23A03E0D28332AEB003846A4 /* UTType+extensions.swift */ = {isa = PBXFileReference; fileEncoding = 4; lastKnownFileType = sourcecode.swift; path = "UTType+extensions.swift"; sourceTree = "<group>"; };
		23A03E1028332E39003846A4 /* CollectionView.swift */ = {isa = PBXFileReference; lastKnownFileType = sourcecode.swift; path = CollectionView.swift; sourceTree = "<group>"; };
		23A03E1228333013003846A4 /* ColorSwatchView.swift */ = {isa = PBXFileReference; lastKnownFileType = sourcecode.swift; path = ColorSwatchView.swift; sourceTree = "<group>"; };
		23A03E1328333013003846A4 /* ColorSwatchView.xib */ = {isa = PBXFileReference; lastKnownFileType = file.xib; path = ColorSwatchView.xib; sourceTree = "<group>"; };
		23A03E162833341A003846A4 /* CollectionViewLeftFlowLayout.swift */ = {isa = PBXFileReference; lastKnownFileType = sourcecode.swift; path = CollectionViewLeftFlowLayout.swift; sourceTree = "<group>"; };
		23A03E1828333585003846A4 /* ColorGroupHeaderView.swift */ = {isa = PBXFileReference; lastKnownFileType = sourcecode.swift; path = ColorGroupHeaderView.swift; sourceTree = "<group>"; };
		23A03E1928333585003846A4 /* ColorGroupHeaderView.xib */ = {isa = PBXFileReference; lastKnownFileType = file.xib; path = ColorGroupHeaderView.xib; sourceTree = "<group>"; };
/* End PBXFileReference section */

/* Begin PBXFrameworksBuildPhase section */
		23A03DDC28332A83003846A4 /* Frameworks */ = {
			isa = PBXFrameworksBuildPhase;
			buildActionMask = 2147483647;
			files = (
			);
			runOnlyForDeploymentPostprocessing = 0;
		};
		23A03DF228332AA2003846A4 /* Frameworks */ = {
			isa = PBXFrameworksBuildPhase;
			buildActionMask = 2147483647;
			files = (
				23A03E0C28332ABE003846A4 /* ASEPalette in Frameworks */,
				23A03DF828332AA2003846A4 /* Quartz.framework in Frameworks */,
			);
			runOnlyForDeploymentPostprocessing = 0;
		};
/* End PBXFrameworksBuildPhase section */

/* Begin PBXGroup section */
		23A03DD628332A83003846A4 = {
			isa = PBXGroup;
			children = (
				23A03E0A28332AB6003846A4 /* ASEPalette */,
				23A03DE128332A83003846A4 /* ASE-Quicklook */,
				23A03DF928332AA2003846A4 /* ASEQuickLookPlugin */,
				23A03DF628332AA2003846A4 /* Frameworks */,
				23A03DE028332A83003846A4 /* Products */,
			);
			sourceTree = "<group>";
		};
		23A03DE028332A83003846A4 /* Products */ = {
			isa = PBXGroup;
			children = (
				23A03DDF28332A83003846A4 /* ASE-Quicklook.app */,
				23A03DF528332AA2003846A4 /* ASEQuickLookPlugin.appex */,
			);
			name = Products;
			sourceTree = "<group>";
		};
		23A03DE128332A83003846A4 /* ASE-Quicklook */ = {
			isa = PBXGroup;
			children = (
				23A03DE228332A83003846A4 /* AppDelegate.swift */,
				23A03DE428332A83003846A4 /* ViewController.swift */,
				23A03DE628332A85003846A4 /* Assets.xcassets */,
				23A03DE828332A85003846A4 /* Main.storyboard */,
				23A03DEB28332A85003846A4 /* ASE_Quicklook.entitlements */,
			);
			path = "ASE-Quicklook";
			sourceTree = "<group>";
		};
		23A03DF628332AA2003846A4 /* Frameworks */ = {
			isa = PBXGroup;
			children = (
				23A03DF728332AA2003846A4 /* Quartz.framework */,
			);
			name = Frameworks;
			sourceTree = "<group>";
		};
		23A03DF928332AA2003846A4 /* ASEQuickLookPlugin */ = {
			isa = PBXGroup;
			children = (
				23A03E0F28332DE5003846A4 /* collectionview */,
				23A03DFA28332AA2003846A4 /* PreviewViewController.swift */,
				23A03DFE28332AA2003846A4 /* PreviewViewController.xib */,
				23A03DFC28332AA2003846A4 /* PreviewProvider.swift */,
				23A03E0D28332AEB003846A4 /* UTType+extensions.swift */,
				23A03E0128332AA2003846A4 /* Info.plist */,
				23A03E0228332AA2003846A4 /* ASEQuickLookPlugin.entitlements */,
			);
			path = ASEQuickLookPlugin;
			sourceTree = "<group>";
		};
		23A03E0F28332DE5003846A4 /* collectionview */ = {
			isa = PBXGroup;
			children = (
				23A03E1028332E39003846A4 /* CollectionView.swift */,
				23A03E162833341A003846A4 /* CollectionViewLeftFlowLayout.swift */,
				23A03E1228333013003846A4 /* ColorSwatchView.swift */,
				23A03E1328333013003846A4 /* ColorSwatchView.xib */,
				23A03E1828333585003846A4 /* ColorGroupHeaderView.swift */,
				23A03E1928333585003846A4 /* ColorGroupHeaderView.xib */,
			);
			path = collectionview;
			sourceTree = "<group>";
		};
/* End PBXGroup section */

/* Begin PBXNativeTarget section */
		23A03DDE28332A83003846A4 /* ASE-Quicklook */ = {
			isa = PBXNativeTarget;
			buildConfigurationList = 23A03DEE28332A85003846A4 /* Build configuration list for PBXNativeTarget "ASE-Quicklook" */;
			buildPhases = (
				23A03DDB28332A83003846A4 /* Sources */,
				23A03DDC28332A83003846A4 /* Frameworks */,
				23A03DDD28332A83003846A4 /* Resources */,
				23A03E0928332AA2003846A4 /* Embed App Extensions */,
			);
			buildRules = (
			);
			dependencies = (
				23A03E0428332AA2003846A4 /* PBXTargetDependency */,
			);
			name = "ASE-Quicklook";
			productName = "ASE-Quicklook";
			productReference = 23A03DDF28332A83003846A4 /* ASE-Quicklook.app */;
			productType = "com.apple.product-type.application";
		};
		23A03DF428332AA2003846A4 /* ASEQuickLookPlugin */ = {
			isa = PBXNativeTarget;
			buildConfigurationList = 23A03E0628332AA2003846A4 /* Build configuration list for PBXNativeTarget "ASEQuickLookPlugin" */;
			buildPhases = (
				23A03DF128332AA2003846A4 /* Sources */,
				23A03DF228332AA2003846A4 /* Frameworks */,
				23A03DF328332AA2003846A4 /* Resources */,
			);
			buildRules = (
			);
			dependencies = (
			);
			name = ASEQuickLookPlugin;
			packageProductDependencies = (
				23A03E0B28332ABE003846A4 /* ASEPalette */,
			);
			productName = ASEQuickLookPlugin;
			productReference = 23A03DF528332AA2003846A4 /* ASEQuickLookPlugin.appex */;
			productType = "com.apple.product-type.app-extension";
		};
/* End PBXNativeTarget section */

/* Begin PBXProject section */
		23A03DD728332A83003846A4 /* Project object */ = {
			isa = PBXProject;
			attributes = {
				BuildIndependentTargetsInParallel = 1;
				LastSwiftUpdateCheck = 1330;
				LastUpgradeCheck = 1330;
				TargetAttributes = {
					23A03DDE28332A83003846A4 = {
						CreatedOnToolsVersion = 13.3.1;
					};
					23A03DF428332AA2003846A4 = {
						CreatedOnToolsVersion = 13.3.1;
					};
				};
			};
			buildConfigurationList = 23A03DDA28332A83003846A4 /* Build configuration list for PBXProject "ASE-Quicklook" */;
			compatibilityVersion = "Xcode 13.0";
			developmentRegion = en;
			hasScannedForEncodings = 0;
			knownRegions = (
				en,
				Base,
			);
			mainGroup = 23A03DD628332A83003846A4;
			packageReferences = (
			);
			productRefGroup = 23A03DE028332A83003846A4 /* Products */;
			projectDirPath = "";
			projectRoot = "";
			targets = (
				23A03DDE28332A83003846A4 /* ASE-Quicklook */,
				23A03DF428332AA2003846A4 /* ASEQuickLookPlugin */,
			);
		};
/* End PBXProject section */

/* Begin PBXResourcesBuildPhase section */
		23A03DDD28332A83003846A4 /* Resources */ = {
			isa = PBXResourcesBuildPhase;
			buildActionMask = 2147483647;
			files = (
				23A03DE728332A85003846A4 /* Assets.xcassets in Resources */,
				23A03DEA28332A85003846A4 /* Main.storyboard in Resources */,
			);
			runOnlyForDeploymentPostprocessing = 0;
		};
		23A03DF328332AA2003846A4 /* Resources */ = {
			isa = PBXResourcesBuildPhase;
			buildActionMask = 2147483647;
			files = (
				23A03E1528333013003846A4 /* ColorSwatchView.xib in Resources */,
				23A03E0028332AA2003846A4 /* PreviewViewController.xib in Resources */,
				23A03E1B28333585003846A4 /* ColorGroupHeaderView.xib in Resources */,
			);
			runOnlyForDeploymentPostprocessing = 0;
		};
/* End PBXResourcesBuildPhase section */

/* Begin PBXSourcesBuildPhase section */
		23A03DDB28332A83003846A4 /* Sources */ = {
			isa = PBXSourcesBuildPhase;
			buildActionMask = 2147483647;
			files = (
				23A03DE528332A83003846A4 /* ViewController.swift in Sources */,
				23A03DE328332A83003846A4 /* AppDelegate.swift in Sources */,
			);
			runOnlyForDeploymentPostprocessing = 0;
		};
		23A03DF128332AA2003846A4 /* Sources */ = {
			isa = PBXSourcesBuildPhase;
			buildActionMask = 2147483647;
			files = (
				23A03E1A28333585003846A4 /* ColorGroupHeaderView.swift in Sources */,
				23A03E0E28332AEB003846A4 /* UTType+extensions.swift in Sources */,
				23A03E172833341A003846A4 /* CollectionViewLeftFlowLayout.swift in Sources */,
				23A03DFB28332AA2003846A4 /* PreviewViewController.swift in Sources */,
				23A03E1428333013003846A4 /* ColorSwatchView.swift in Sources */,
				23A03E1128332E39003846A4 /* CollectionView.swift in Sources */,
				23A03DFD28332AA2003846A4 /* PreviewProvider.swift in Sources */,
			);
			runOnlyForDeploymentPostprocessing = 0;
		};
/* End PBXSourcesBuildPhase section */

/* Begin PBXTargetDependency section */
		23A03E0428332AA2003846A4 /* PBXTargetDependency */ = {
			isa = PBXTargetDependency;
			target = 23A03DF428332AA2003846A4 /* ASEQuickLookPlugin */;
			targetProxy = 23A03E0328332AA2003846A4 /* PBXContainerItemProxy */;
		};
/* End PBXTargetDependency section */

/* Begin PBXVariantGroup section */
		23A03DE828332A85003846A4 /* Main.storyboard */ = {
			isa = PBXVariantGroup;
			children = (
				23A03DE928332A85003846A4 /* Base */,
			);
			name = Main.storyboard;
			sourceTree = "<group>";
		};
		23A03DFE28332AA2003846A4 /* PreviewViewController.xib */ = {
			isa = PBXVariantGroup;
			children = (
				23A03DFF28332AA2003846A4 /* Base */,
			);
			name = PreviewViewController.xib;
			sourceTree = "<group>";
		};
/* End PBXVariantGroup section */

/* Begin XCBuildConfiguration section */
		23A03DEC28332A85003846A4 /* Debug */ = {
			isa = XCBuildConfiguration;
			buildSettings = {
				ALWAYS_SEARCH_USER_PATHS = NO;
				CLANG_ANALYZER_NONNULL = YES;
				CLANG_ANALYZER_NUMBER_OBJECT_CONVERSION = YES_AGGRESSIVE;
				CLANG_CXX_LANGUAGE_STANDARD = "gnu++17";
				CLANG_ENABLE_MODULES = YES;
				CLANG_ENABLE_OBJC_ARC = YES;
				CLANG_ENABLE_OBJC_WEAK = YES;
				CLANG_WARN_BLOCK_CAPTURE_AUTORELEASING = YES;
				CLANG_WARN_BOOL_CONVERSION = YES;
				CLANG_WARN_COMMA = YES;
				CLANG_WARN_CONSTANT_CONVERSION = YES;
				CLANG_WARN_DEPRECATED_OBJC_IMPLEMENTATIONS = YES;
				CLANG_WARN_DIRECT_OBJC_ISA_USAGE = YES_ERROR;
				CLANG_WARN_DOCUMENTATION_COMMENTS = YES;
				CLANG_WARN_EMPTY_BODY = YES;
				CLANG_WARN_ENUM_CONVERSION = YES;
				CLANG_WARN_INFINITE_RECURSION = YES;
				CLANG_WARN_INT_CONVERSION = YES;
				CLANG_WARN_NON_LITERAL_NULL_CONVERSION = YES;
				CLANG_WARN_OBJC_IMPLICIT_RETAIN_SELF = YES;
				CLANG_WARN_OBJC_LITERAL_CONVERSION = YES;
				CLANG_WARN_OBJC_ROOT_CLASS = YES_ERROR;
				CLANG_WARN_QUOTED_INCLUDE_IN_FRAMEWORK_HEADER = YES;
				CLANG_WARN_RANGE_LOOP_ANALYSIS = YES;
				CLANG_WARN_STRICT_PROTOTYPES = YES;
				CLANG_WARN_SUSPICIOUS_MOVE = YES;
				CLANG_WARN_UNGUARDED_AVAILABILITY = YES_AGGRESSIVE;
				CLANG_WARN_UNREACHABLE_CODE = YES;
				CLANG_WARN__DUPLICATE_METHOD_MATCH = YES;
				COPY_PHASE_STRIP = NO;
				DEBUG_INFORMATION_FORMAT = dwarf;
				ENABLE_STRICT_OBJC_MSGSEND = YES;
				ENABLE_TESTABILITY = YES;
				GCC_C_LANGUAGE_STANDARD = gnu11;
				GCC_DYNAMIC_NO_PIC = NO;
				GCC_NO_COMMON_BLOCKS = YES;
				GCC_OPTIMIZATION_LEVEL = 0;
				GCC_PREPROCESSOR_DEFINITIONS = (
					"DEBUG=1",
					"$(inherited)",
				);
				GCC_WARN_64_TO_32_BIT_CONVERSION = YES;
				GCC_WARN_ABOUT_RETURN_TYPE = YES_ERROR;
				GCC_WARN_UNDECLARED_SELECTOR = YES;
				GCC_WARN_UNINITIALIZED_AUTOS = YES_AGGRESSIVE;
				GCC_WARN_UNUSED_FUNCTION = YES;
				GCC_WARN_UNUSED_VARIABLE = YES;
				MACOSX_DEPLOYMENT_TARGET = 12.3;
				MTL_ENABLE_DEBUG_INFO = INCLUDE_SOURCE;
				MTL_FAST_MATH = YES;
				ONLY_ACTIVE_ARCH = YES;
				SDKROOT = macosx;
				SWIFT_ACTIVE_COMPILATION_CONDITIONS = DEBUG;
				SWIFT_OPTIMIZATION_LEVEL = "-Onone";
			};
			name = Debug;
		};
		23A03DED28332A85003846A4 /* Release */ = {
			isa = XCBuildConfiguration;
			buildSettings = {
				ALWAYS_SEARCH_USER_PATHS = NO;
				CLANG_ANALYZER_NONNULL = YES;
				CLANG_ANALYZER_NUMBER_OBJECT_CONVERSION = YES_AGGRESSIVE;
				CLANG_CXX_LANGUAGE_STANDARD = "gnu++17";
				CLANG_ENABLE_MODULES = YES;
				CLANG_ENABLE_OBJC_ARC = YES;
				CLANG_ENABLE_OBJC_WEAK = YES;
				CLANG_WARN_BLOCK_CAPTURE_AUTORELEASING = YES;
				CLANG_WARN_BOOL_CONVERSION = YES;
				CLANG_WARN_COMMA = YES;
				CLANG_WARN_CONSTANT_CONVERSION = YES;
				CLANG_WARN_DEPRECATED_OBJC_IMPLEMENTATIONS = YES;
				CLANG_WARN_DIRECT_OBJC_ISA_USAGE = YES_ERROR;
				CLANG_WARN_DOCUMENTATION_COMMENTS = YES;
				CLANG_WARN_EMPTY_BODY = YES;
				CLANG_WARN_ENUM_CONVERSION = YES;
				CLANG_WARN_INFINITE_RECURSION = YES;
				CLANG_WARN_INT_CONVERSION = YES;
				CLANG_WARN_NON_LITERAL_NULL_CONVERSION = YES;
				CLANG_WARN_OBJC_IMPLICIT_RETAIN_SELF = YES;
				CLANG_WARN_OBJC_LITERAL_CONVERSION = YES;
				CLANG_WARN_OBJC_ROOT_CLASS = YES_ERROR;
				CLANG_WARN_QUOTED_INCLUDE_IN_FRAMEWORK_HEADER = YES;
				CLANG_WARN_RANGE_LOOP_ANALYSIS = YES;
				CLANG_WARN_STRICT_PROTOTYPES = YES;
				CLANG_WARN_SUSPICIOUS_MOVE = YES;
				CLANG_WARN_UNGUARDED_AVAILABILITY = YES_AGGRESSIVE;
				CLANG_WARN_UNREACHABLE_CODE = YES;
				CLANG_WARN__DUPLICATE_METHOD_MATCH = YES;
				COPY_PHASE_STRIP = NO;
				DEBUG_INFORMATION_FORMAT = "dwarf-with-dsym";
				ENABLE_NS_ASSERTIONS = NO;
				ENABLE_STRICT_OBJC_MSGSEND = YES;
				GCC_C_LANGUAGE_STANDARD = gnu11;
				GCC_NO_COMMON_BLOCKS = YES;
				GCC_WARN_64_TO_32_BIT_CONVERSION = YES;
				GCC_WARN_ABOUT_RETURN_TYPE = YES_ERROR;
				GCC_WARN_UNDECLARED_SELECTOR = YES;
				GCC_WARN_UNINITIALIZED_AUTOS = YES_AGGRESSIVE;
				GCC_WARN_UNUSED_FUNCTION = YES;
				GCC_WARN_UNUSED_VARIABLE = YES;
				MACOSX_DEPLOYMENT_TARGET = 12.3;
				MTL_ENABLE_DEBUG_INFO = NO;
				MTL_FAST_MATH = YES;
				SDKROOT = macosx;
				SWIFT_COMPILATION_MODE = wholemodule;
				SWIFT_OPTIMIZATION_LEVEL = "-O";
			};
			name = Release;
		};
		23A03DEF28332A85003846A4 /* Debug */ = {
			isa = XCBuildConfiguration;
			buildSettings = {
				ALWAYS_EMBED_SWIFT_STANDARD_LIBRARIES = YES;
				ASSETCATALOG_COMPILER_APPICON_NAME = AppIcon;
				ASSETCATALOG_COMPILER_GLOBAL_ACCENT_COLOR_NAME = AccentColor;
				CODE_SIGN_ENTITLEMENTS = "ASE-Quicklook/ASE_Quicklook.entitlements";
				CODE_SIGN_STYLE = Automatic;
				COMBINE_HIDPI_IMAGES = YES;
				CURRENT_PROJECT_VERSION = 1;
				DEVELOPMENT_TEAM = 3L6RK3LGGW;
				ENABLE_HARDENED_RUNTIME = YES;
				GENERATE_INFOPLIST_FILE = YES;
				INFOPLIST_KEY_NSHumanReadableCopyright = "";
				INFOPLIST_KEY_NSMainStoryboardFile = Main;
				INFOPLIST_KEY_NSPrincipalClass = NSApplication;
				LD_RUNPATH_SEARCH_PATHS = (
					"$(inherited)",
					"@executable_path/../Frameworks",
				);
				MARKETING_VERSION = 1.0;
				PRODUCT_BUNDLE_IDENTIFIER = "com.dagronf.ase-quicklook.ASE-Quicklook";
				PRODUCT_NAME = "$(TARGET_NAME)";
				SWIFT_EMIT_LOC_STRINGS = YES;
				SWIFT_VERSION = 5.0;
			};
			name = Debug;
		};
		23A03DF028332A85003846A4 /* Release */ = {
			isa = XCBuildConfiguration;
			buildSettings = {
				ALWAYS_EMBED_SWIFT_STANDARD_LIBRARIES = YES;
				ASSETCATALOG_COMPILER_APPICON_NAME = AppIcon;
				ASSETCATALOG_COMPILER_GLOBAL_ACCENT_COLOR_NAME = AccentColor;
				CODE_SIGN_ENTITLEMENTS = "ASE-Quicklook/ASE_Quicklook.entitlements";
				CODE_SIGN_STYLE = Automatic;
				COMBINE_HIDPI_IMAGES = YES;
				CURRENT_PROJECT_VERSION = 1;
				DEVELOPMENT_TEAM = 3L6RK3LGGW;
				ENABLE_HARDENED_RUNTIME = YES;
				GENERATE_INFOPLIST_FILE = YES;
				INFOPLIST_KEY_NSHumanReadableCopyright = "";
				INFOPLIST_KEY_NSMainStoryboardFile = Main;
				INFOPLIST_KEY_NSPrincipalClass = NSApplication;
				LD_RUNPATH_SEARCH_PATHS = (
					"$(inherited)",
					"@executable_path/../Frameworks",
				);
				MARKETING_VERSION = 1.0;
				PRODUCT_BUNDLE_IDENTIFIER = "com.dagronf.ase-quicklook.ASE-Quicklook";
				PRODUCT_NAME = "$(TARGET_NAME)";
				SWIFT_EMIT_LOC_STRINGS = YES;
				SWIFT_VERSION = 5.0;
			};
			name = Release;
		};
		23A03E0728332AA2003846A4 /* Debug */ = {
			isa = XCBuildConfiguration;
			buildSettings = {
				CODE_SIGN_ENTITLEMENTS = ASEQuickLookPlugin/ASEQuickLookPlugin.entitlements;
				CODE_SIGN_STYLE = Automatic;
				CURRENT_PROJECT_VERSION = 1;
				DEVELOPMENT_TEAM = 3L6RK3LGGW;
				ENABLE_HARDENED_RUNTIME = YES;
				GENERATE_INFOPLIST_FILE = YES;
				INFOPLIST_FILE = ASEQuickLookPlugin/Info.plist;
				INFOPLIST_KEY_CFBundleDisplayName = ASEQuickLookPlugin;
				INFOPLIST_KEY_NSHumanReadableCopyright = "";
				LD_RUNPATH_SEARCH_PATHS = (
					"$(inherited)",
					"@executable_path/../Frameworks",
					"@executable_path/../../../../Frameworks",
				);
				MACOSX_DEPLOYMENT_TARGET = 12.0;
				MARKETING_VERSION = 1.0;
				PRODUCT_BUNDLE_IDENTIFIER = "com.dagronf.ase-quicklook.ASE-Quicklook.ASEQuickLookPlugin";
				PRODUCT_NAME = "$(TARGET_NAME)";
				SKIP_INSTALL = YES;
				SWIFT_EMIT_LOC_STRINGS = YES;
				SWIFT_VERSION = 5.0;
			};
			name = Debug;
		};
		23A03E0828332AA2003846A4 /* Release */ = {
			isa = XCBuildConfiguration;
			buildSettings = {
				CODE_SIGN_ENTITLEMENTS = ASEQuickLookPlugin/ASEQuickLookPlugin.entitlements;
				CODE_SIGN_STYLE = Automatic;
				CURRENT_PROJECT_VERSION = 1;
				DEVELOPMENT_TEAM = 3L6RK3LGGW;
				ENABLE_HARDENED_RUNTIME = YES;
				GENERATE_INFOPLIST_FILE = YES;
				INFOPLIST_FILE = ASEQuickLookPlugin/Info.plist;
				INFOPLIST_KEY_CFBundleDisplayName = ASEQuickLookPlugin;
				INFOPLIST_KEY_NSHumanReadableCopyright = "";
				LD_RUNPATH_SEARCH_PATHS = (
					"$(inherited)",
					"@executable_path/../Frameworks",
					"@executable_path/../../../../Frameworks",
				);
				MACOSX_DEPLOYMENT_TARGET = 12.0;
				MARKETING_VERSION = 1.0;
				PRODUCT_BUNDLE_IDENTIFIER = "com.dagronf.ase-quicklook.ASE-Quicklook.ASEQuickLookPlugin";
				PRODUCT_NAME = "$(TARGET_NAME)";
				SKIP_INSTALL = YES;
				SWIFT_EMIT_LOC_STRINGS = YES;
				SWIFT_VERSION = 5.0;
			};
			name = Release;
		};
/* End XCBuildConfiguration section */

/* Begin XCConfigurationList section */
		23A03DDA28332A83003846A4 /* Build configuration list for PBXProject "ASE-Quicklook" */ = {
			isa = XCConfigurationList;
			buildConfigurations = (
				23A03DEC28332A85003846A4 /* Debug */,
				23A03DED28332A85003846A4 /* Release */,
			);
			defaultConfigurationIsVisible = 0;
			defaultConfigurationName = Release;
		};
		23A03DEE28332A85003846A4 /* Build configuration list for PBXNativeTarget "ASE-Quicklook" */ = {
			isa = XCConfigurationList;
			buildConfigurations = (
				23A03DEF28332A85003846A4 /* Debug */,
				23A03DF028332A85003846A4 /* Release */,
			);
			defaultConfigurationIsVisible = 0;
			defaultConfigurationName = Release;
		};
		23A03E0628332AA2003846A4 /* Build configuration list for PBXNativeTarget "ASEQuickLookPlugin" */ = {
			isa = XCConfigurationList;
			buildConfigurations = (
				23A03E0728332AA2003846A4 /* Debug */,
				23A03E0828332AA2003846A4 /* Release */,
			);
			defaultConfigurationIsVisible = 0;
			defaultConfigurationName = Release;
		};
/* End XCConfigurationList section */

/* Begin XCSwiftPackageProductDependency section */
		23A03E0B28332ABE003846A4 /* ASEPalette */ = {
			isa = XCSwiftPackageProductDependency;
			productName = ASEPalette;
		};
/* End XCSwiftPackageProductDependency section */
	};
	rootObject = 23A03DD728332A83003846A4 /* Project object */;
}
