{
  "object": {
    "pins": [
      {
        "package": "DSFRegex",
        "repositoryURL": "https://github.com/dagronf/DSFRegex",
        "state": {
          "branch": null,
          "revision": "911dbb41e0828d33044b36eacb171190a31b6ee7",
          "version": "2.0.0"
        }
      }
    ]
  },
  "version": 1
}
