{
  "object": {
    "pins": [
      {
        "package": "DSFRegex",
        "repositoryURL": "https://github.com/dagronf/DSFRegex",
        "state": {
          "branch": null,
          "revision": "00fb7652574f1e4a3da724adf6461b3587296129",
          "version": "3.0.0"
        }
      }
    ]
  },
  "version": 1
}
