{
  "originHash" : "32c28b020e5d0214edb3e8dd2d985bec31c54f4a79d84d946908321b704a5631",
  "pins" : [
    {
      "identity" : "defaults",
      "kind" : "remoteSourceControl",
      "location" : "https://github.com/sindresorhus/Defaults",
      "state" : {
        "branch" : "main",
        "revision" : "be7e30ba366a7a10e198671505dbe6b4e07b76bc"
      }
    },
    {
      "identity" : "dsfappearancemanager",
      "kind" : "remoteSourceControl",
      "location" : "https://github.com/dagronf/DSFAppearanceManager",
      "state" : {
        "revision" : "fd459c8060d46d17b780a80ac43db83b444e2e13",
        "version" : "3.6.2"
      }
    },
    {
      "identity" : "swiftui-flow-layout",
      "kind" : "remoteSourceControl",
      "location" : "https://github.com/globulus/swiftui-flow-layout",
      "state" : {
        "revision" : "de7da3440c3b87ba94adfa98c698828d7746a76d",
        "version" : "1.0.5"
      }
    }
  ],
  "version" : 3
}
