{
  "object": {
    "pins": [
      {
        "package": "Defaults",
        "repositoryURL": "https://github.com/sindresorhus/Defaults",
        "state": {
          "branch": "main",
          "revision": "be7e30ba366a7a10e198671505dbe6b4e07b76bc",
          "version": null
        }
      },
      {
        "package": "DSFAppearanceManager",
        "repositoryURL": "https://github.com/dagronf/DSFAppearanceManager",
        "state": {
          "branch": null,
          "revision": "676cfd4e6aaa3cf6422990734c22544373db5c1a",
          "version": "3.3.0"
        }
      },
      {
        "package": "DSFRegex",
        "repositoryURL": "https://github.com/dagronf/DSFRegex",
        "state": {
          "branch": null,
          "revision": "e0e64805519b23b08dcca9c83ca2d4a2b3de4c33",
          "version": "3.4.0"
        }
      },
      {
        "package": "SwiftImageReadWrite",
        "repositoryURL": "https://github.com/dagronf/SwiftImageReadWrite",
        "state": {
          "branch": null,
          "revision": "f4ac49b459967c6a63d9dc6e416ca866d16da673",
          "version": "1.7.1"
        }
      },
      {
        "package": "SwiftUIFlowLayout",
        "repositoryURL": "https://github.com/globulus/swiftui-flow-layout",
        "state": {
          "branch": null,
          "revision": "de7da3440c3b87ba94adfa98c698828d7746a76d",
          "version": "1.0.5"
        }
      }
    ]
  },
  "version": 1
}
