{
  "object": {
    "pins": [
      {
        "package": "DSFRegex",
        "repositoryURL": "https://github.com/dagronf/DSFRegex",
        "state": {
          "branch": null,
          "revision": "00fb7652574f1e4a3da724adf6461b3587296129",
          "version": "3.0.0"
        }
      },
      {
        "package": "SwiftUIFlowLayout",
        "repositoryURL": "https://github.com/globulus/swiftui-flow-layout",
        "state": {
          "branch": null,
          "revision": "96f9a3fdb83fd0b73525f6324b8a35ef0dc235fd",
          "version": "1.0.4"
        }
      }
    ]
  },
  "version": 1
}
